// !$*UTF8*$!
{
	archiveVersion = 1;
	classes = {
	};
	objectVersion = 46;
	objects = {

/* Begin PBXBuildFile section */
		7CA970921E8A006E007CA6B3 /* AppDelegate.swift in Sources */ = {isa = PBXBuildFile; fileRef = 7CA970911E8A006E007CA6B3 /* AppDelegate.swift */; };
		7CA970941E8A006E007CA6B3 /* ViewController.swift in Sources */ = {isa = PBXBuildFile; fileRef = 7CA970931E8A006E007CA6B3 /* ViewController.swift */; };
		7CA970971E8A006E007CA6B3 /* Main.storyboard in Resources */ = {isa = PBXBuildFile; fileRef = 7CA970951E8A006E007CA6B3 /* Main.storyboard */; };
		7CA970991E8A006E007CA6B3 /* Assets.xcassets in Resources */ = {isa = PBXBuildFile; fileRef = 7CA970981E8A006E007CA6B3 /* Assets.xcassets */; };
		7CA9709C1E8A006E007CA6B3 /* LaunchScreen.storyboard in Resources */ = {isa = PBXBuildFile; fileRef = 7CA9709A1E8A006E007CA6B3 /* LaunchScreen.storyboard */; };
		7CA970A71E8A006E007CA6B3 /* currencyConverterTests.swift in Sources */ = {isa = PBXBuildFile; fileRef = 7CA970A61E8A006E007CA6B3 /* currencyConverterTests.swift */; };
/* End PBXBuildFile section */

/* Begin PBXContainerItemProxy section */
		7CA970A31E8A006E007CA6B3 /* PBXContainerItemProxy */ = {
			isa = PBXContainerItemProxy;
			containerPortal = 7CA970861E8A006E007CA6B3 /* Project object */;
			proxyType = 1;
			remoteGlobalIDString = 7CA9708D1E8A006E007CA6B3;
			remoteInfo = currencyConverter;
		};
/* End PBXContainerItemProxy section */

/* Begin PBXFileReference section */
		7CA9708E1E8A006E007CA6B3 /* currencyConverter.app */ = {isa = PBXFileReference; explicitFileType = wrapper.application; includeInIndex = 0; path = currencyConverter.app; sourceTree = BUILT_PRODUCTS_DIR; };
		7CA970911E8A006E007CA6B3 /* AppDelegate.swift */ = {isa = PBXFileReference; lastKnownFileType = sourcecode.swift; path = AppDelegate.swift; sourceTree = "<group>"; };
		7CA970931E8A006E007CA6B3 /* ViewController.swift */ = {isa = PBXFileReference; lastKnownFileType = sourcecode.swift; path = ViewController.swift; sourceTree = "<group>"; };
		7CA970961E8A006E007CA6B3 /* Base */ = {isa = PBXFileReference; lastKnownFileType = file.storyboard; name = Base; path = Base.lproj/Main.storyboard; sourceTree = "<group>"; };
		7CA970981E8A006E007CA6B3 /* Assets.xcassets */ = {isa = PBXFileReference; lastKnownFileType = folder.assetcatalog; path = Assets.xcassets; sourceTree = "<group>"; };
		7CA9709B1E8A006E007CA6B3 /* Base */ = {isa = PBXFileReference; lastKnownFileType = file.storyboard; name = Base; path = Base.lproj/LaunchScreen.storyboard; sourceTree = "<group>"; };
		7CA9709D1E8A006E007CA6B3 /* Info.plist */ = {isa = PBXFileReference; lastKnownFileType = text.plist.xml; path = Info.plist; sourceTree = "<group>"; };
		7CA970A21E8A006E007CA6B3 /* currencyConverterTests.xctest */ = {isa = PBXFileReference; explicitFileType = wrapper.cfbundle; includeInIndex = 0; path = currencyConverterTests.xctest; sourceTree = BUILT_PRODUCTS_DIR; };
		7CA970A61E8A006E007CA6B3 /* currencyConverterTests.swift */ = {isa = PBXFileReference; lastKnownFileType = sourcecode.swift; path = currencyConverterTests.swift; sourceTree = "<group>"; };
		7CA970A81E8A006E007CA6B3 /* Info.plist */ = {isa = PBXFileReference; lastKnownFileType = text.plist.xml; path = Info.plist; sourceTree = "<group>"; };
/* End PBXFileReference section */

/* Begin PBXFrameworksBuildPhase section */
		7CA9708B1E8A006E007CA6B3 /* Frameworks */ = {
			isa = PBXFrameworksBuildPhase;
			buildActionMask = 2147483647;
			files = (
			);
			runOnlyForDeploymentPostprocessing = 0;
		};
		7CA9709F1E8A006E007CA6B3 /* Frameworks */ = {
			isa = PBXFrameworksBuildPhase;
			buildActionMask = 2147483647;
			files = (
			);
			runOnlyForDeploymentPostprocessing = 0;
		};
/* End PBXFrameworksBuildPhase section */

/* Begin PBXGroup section */
		7CA970851E8A006E007CA6B3 = {
			isa = PBXGroup;
			children = (
				7CA970901E8A006E007CA6B3 /* currencyConverter */,
				7CA970A51E8A006E007CA6B3 /* currencyConverterTests */,
				7CA9708F1E8A006E007CA6B3 /* Products */,
			);
			sourceTree = "<group>";
		};
		7CA9708F1E8A006E007CA6B3 /* Products */ = {
			isa = PBXGroup;
			children = (
				7CA9708E1E8A006E007CA6B3 /* currencyConverter.app */,
				7CA970A21E8A006E007CA6B3 /* currencyConverterTests.xctest */,
			);
			name = Products;
			sourceTree = "<group>";
		};
		7CA970901E8A006E007CA6B3 /* currencyConverter */ = {
			isa = PBXGroup;
			children = (
				7CA970911E8A006E007CA6B3 /* AppDelegate.swift */,
				7CA970931E8A006E007CA6B3 /* ViewController.swift */,
				7CA970951E8A006E007CA6B3 /* Main.storyboard */,
				7CA970981E8A006E007CA6B3 /* Assets.xcassets */,
				7CA9709A1E8A006E007CA6B3 /* LaunchScreen.storyboard */,
				7CA9709D1E8A006E007CA6B3 /* Info.plist */,
			);
			path = currencyConverter;
			sourceTree = "<group>";
		};
		7CA970A51E8A006E007CA6B3 /* currencyConverterTests */ = {
			isa = PBXGroup;
			children = (
				7CA970A61E8A006E007CA6B3 /* currencyConverterTests.swift */,
				7CA970A81E8A006E007CA6B3 /* Info.plist */,
			);
			path = currencyConverterTests;
			sourceTree = "<group>";
		};
/* End PBXGroup section */

/* Begin PBXNativeTarget section */
		7CA9708D1E8A006E007CA6B3 /* currencyConverter */ = {
			isa = PBXNativeTarget;
			buildConfigurationList = 7CA970AB1E8A006E007CA6B3 /* Build configuration list for PBXNativeTarget "currencyConverter" */;
			buildPhases = (
				7CA9708A1E8A006E007CA6B3 /* Sources */,
				7CA9708B1E8A006E007CA6B3 /* Frameworks */,
				7CA9708C1E8A006E007CA6B3 /* Resources */,
			);
			buildRules = (
			);
			dependencies = (
			);
			name = currencyConverter;
			productName = currencyConverter;
			productReference = 7CA9708E1E8A006E007CA6B3 /* currencyConverter.app */;
			productType = "com.apple.product-type.application";
		};
		7CA970A11E8A006E007CA6B3 /* currencyConverterTests */ = {
			isa = PBXNativeTarget;
			buildConfigurationList = 7CA970AE1E8A006E007CA6B3 /* Build configuration list for PBXNativeTarget "currencyConverterTests" */;
			buildPhases = (
				7CA9709E1E8A006E007CA6B3 /* Sources */,
				7CA9709F1E8A006E007CA6B3 /* Frameworks */,
				7CA970A01E8A006E007CA6B3 /* Resources */,
			);
			buildRules = (
			);
			dependencies = (
				7CA970A41E8A006E007CA6B3 /* PBXTargetDependency */,
			);
			name = currencyConverterTests;
			productName = currencyConverterTests;
			productReference = 7CA970A21E8A006E007CA6B3 /* currencyConverterTests.xctest */;
			productType = "com.apple.product-type.bundle.unit-test";
		};
/* End PBXNativeTarget section */

/* Begin PBXProject section */
		7CA970861E8A006E007CA6B3 /* Project object */ = {
			isa = PBXProject;
			attributes = {
				LastSwiftUpdateCheck = 0820;
				LastUpgradeCheck = 0820;
				ORGANIZATIONNAME = "Antonio Borges";
				TargetAttributes = {
					7CA9708D1E8A006E007CA6B3 = {
						CreatedOnToolsVersion = 8.2.1;
						ProvisioningStyle = Automatic;
					};
					7CA970A11E8A006E007CA6B3 = {
						CreatedOnToolsVersion = 8.2.1;
						ProvisioningStyle = Automatic;
						TestTargetID = 7CA9708D1E8A006E007CA6B3;
					};
				};
			};
			buildConfigurationList = 7CA970891E8A006E007CA6B3 /* Build configuration list for PBXProject "currencyConverter" */;
			compatibilityVersion = "Xcode 3.2";
			developmentRegion = English;
			hasScannedForEncodings = 0;
			knownRegions = (
				en,
				Base,
			);
			mainGroup = 7CA970851E8A006E007CA6B3;
			productRefGroup = 7CA9708F1E8A006E007CA6B3 /* Products */;
			projectDirPath = "";
			projectRoot = "";
			targets = (
				7CA9708D1E8A006E007CA6B3 /* currencyConverter */,
				7CA970A11E8A006E007CA6B3 /* currencyConverterTests */,
			);
		};
/* End PBXProject section */

/* Begin PBXResourcesBuildPhase section */
		7CA9708C1E8A006E007CA6B3 /* Resources */ = {
			isa = PBXResourcesBuildPhase;
			buildActionMask = 2147483647;
			files = (
				7CA9709C1E8A006E007CA6B3 /* LaunchScreen.storyboard in Resources */,
				7CA970991E8A006E007CA6B3 /* Assets.xcassets in Resources */,
				7CA970971E8A006E007CA6B3 /* Main.storyboard in Resources */,
			);
			runOnlyForDeploymentPostprocessing = 0;
		};
		7CA970A01E8A006E007CA6B3 /* Resources */ = {
			isa = PBXResourcesBuildPhase;
			buildActionMask = 2147483647;
			files = (
			);
			runOnlyForDeploymentPostprocessing = 0;
		};
/* End PBXResourcesBuildPhase section */

/* Begin PBXSourcesBuildPhase section */
		7CA9708A1E8A006E007CA6B3 /* Sources */ = {
			isa = PBXSourcesBuildPhase;
			buildActionMask = 2147483647;
			files = (
				7CA970941E8A006E007CA6B3 /* ViewController.swift in Sources */,
				7CA970921E8A006E007CA6B3 /* AppDelegate.swift in Sources */,
			);
			runOnlyForDeploymentPostprocessing = 0;
		};
		7CA9709E1E8A006E007CA6B3 /* Sources */ = {
			isa = PBXSourcesBuildPhase;
			buildActionMask = 2147483647;
			files = (
				7CA970A71E8A006E007CA6B3 /* currencyConverterTests.swift in Sources */,
			);
			runOnlyForDeploymentPostprocessing = 0;
		};
/* End PBXSourcesBuildPhase section */

/* Begin PBXTargetDependency section */
		7CA970A41E8A006E007CA6B3 /* PBXTargetDependency */ = {
			isa = PBXTargetDependency;
			target = 7CA9708D1E8A006E007CA6B3 /* currencyConverter */;
			targetProxy = 7CA970A31E8A006E007CA6B3 /* PBXContainerItemProxy */;
		};
/* End PBXTargetDependency section */

/* Begin PBXVariantGroup section */
		7CA970951E8A006E007CA6B3 /* Main.storyboard */ = {
			isa = PBXVariantGroup;
			children = (
				7CA970961E8A006E007CA6B3 /* Base */,
			);
			name = Main.storyboard;
			sourceTree = "<group>";
		};
		7CA9709A1E8A006E007CA6B3 /* LaunchScreen.storyboard */ = {
			isa = PBXVariantGroup;
			children = (
				7CA9709B1E8A006E007CA6B3 /* Base */,
			);
			name = LaunchScreen.storyboard;
			sourceTree = "<group>";
		};
/* End PBXVariantGroup section */

/* Begin XCBuildConfiguration section */
		7CA970A91E8A006E007CA6B3 /* Debug */ = {
			isa = XCBuildConfiguration;
			buildSettings = {
				ALWAYS_SEARCH_USER_PATHS = NO;
				CLANG_ANALYZER_NONNULL = YES;
				CLANG_CXX_LANGUAGE_STANDARD = "gnu++0x";
				CLANG_CXX_LIBRARY = "libc++";
				CLANG_ENABLE_MODULES = YES;
				CLANG_ENABLE_OBJC_ARC = YES;
				CLANG_WARN_BOOL_CONVERSION = YES;
				CLANG_WARN_CONSTANT_CONVERSION = YES;
				CLANG_WARN_DIRECT_OBJC_ISA_USAGE = YES_ERROR;
				CLANG_WARN_DOCUMENTATION_COMMENTS = YES;
				CLANG_WARN_EMPTY_BODY = YES;
				CLANG_WARN_ENUM_CONVERSION = YES;
				CLANG_WARN_INFINITE_RECURSION = YES;
				CLANG_WARN_INT_CONVERSION = YES;
				CLANG_WARN_OBJC_ROOT_CLASS = YES_ERROR;
				CLANG_WARN_SUSPICIOUS_MOVE = YES;
				CLANG_WARN_UNREACHABLE_CODE = YES;
				CLANG_WARN__DUPLICATE_METHOD_MATCH = YES;
				"CODE_SIGN_IDENTITY[sdk=iphoneos*]" = "iPhone Developer";
				COPY_PHASE_STRIP = NO;
				DEBUG_INFORMATION_FORMAT = dwarf;
				ENABLE_STRICT_OBJC_MSGSEND = YES;
				ENABLE_TESTABILITY = YES;
				GCC_C_LANGUAGE_STANDARD = gnu99;
				GCC_DYNAMIC_NO_PIC = NO;
				GCC_NO_COMMON_BLOCKS = YES;
				GCC_OPTIMIZATION_LEVEL = 0;
				GCC_PREPROCESSOR_DEFINITIONS = (
					"DEBUG=1",
					"$(inherited)",
				);
				GCC_WARN_64_TO_32_BIT_CONVERSION = YES;
				GCC_WARN_ABOUT_RETURN_TYPE = YES_ERROR;
				GCC_WARN_UNDECLARED_SELECTOR = YES;
				GCC_WARN_UNINITIALIZED_AUTOS = YES_AGGRESSIVE;
				GCC_WARN_UNUSED_FUNCTION = YES;
				GCC_WARN_UNUSED_VARIABLE = YES;
				IPHONEOS_DEPLOYMENT_TARGET = 10.2;
				MTL_ENABLE_DEBUG_INFO = YES;
				ONLY_ACTIVE_ARCH = YES;
				SDKROOT = iphoneos;
				SWIFT_ACTIVE_COMPILATION_CONDITIONS = DEBUG;
				SWIFT_OPTIMIZATION_LEVEL = "-Onone";
				TARGETED_DEVICE_FAMILY = "1,2";
			};
			name = Debug;
		};
		7CA970AA1E8A006E007CA6B3 /* Release */ = {
			isa = XCBuildConfiguration;
			buildSettings = {
				ALWAYS_SEARCH_USER_PATHS = NO;
				CLANG_ANALYZER_NONNULL = YES;
				CLANG_CXX_LANGUAGE_STANDARD = "gnu++0x";
				CLANG_CXX_LIBRARY = "libc++";
				CLANG_ENABLE_MODULES = YES;
				CLANG_ENABLE_OBJC_ARC = YES;
				CLANG_WARN_BOOL_CONVERSION = YES;
				CLANG_WARN_CONSTANT_CONVERSION = YES;
				CLANG_WARN_DIRECT_OBJC_ISA_USAGE = YES_ERROR;
				CLANG_WARN_DOCUMENTATION_COMMENTS = YES;
				CLANG_WARN_EMPTY_BODY = YES;
				CLANG_WARN_ENUM_CONVERSION = YES;
				CLANG_WARN_INFINITE_RECURSION = YES;
				CLANG_WARN_INT_CONVERSION = YES;
				CLANG_WARN_OBJC_ROOT_CLASS = YES_ERROR;
				CLANG_WARN_SUSPICIOUS_MOVE = YES;
				CLANG_WARN_UNREACHABLE_CODE = YES;
				CLANG_WARN__DUPLICATE_METHOD_MATCH = YES;
				"CODE_SIGN_IDENTITY[sdk=iphoneos*]" = "iPhone Developer";
				COPY_PHASE_STRIP = NO;
				DEBUG_INFORMATION_FORMAT = "dwarf-with-dsym";
				ENABLE_NS_ASSERTIONS = NO;
				ENABLE_STRICT_OBJC_MSGSEND = YES;
				GCC_C_LANGUAGE_STANDARD = gnu99;
				GCC_NO_COMMON_BLOCKS = YES;
				GCC_WARN_64_TO_32_BIT_CONVERSION = YES;
				GCC_WARN_ABOUT_RETURN_TYPE = YES_ERROR;
				GCC_WARN_UNDECLARED_SELECTOR = YES;
				GCC_WARN_UNINITIALIZED_AUTOS = YES_AGGRESSIVE;
				GCC_WARN_UNUSED_FUNCTION = YES;
				GCC_WARN_UNUSED_VARIABLE = YES;
				IPHONEOS_DEPLOYMENT_TARGET = 10.2;
				MTL_ENABLE_DEBUG_INFO = NO;
				SDKROOT = iphoneos;
				SWIFT_OPTIMIZATION_LEVEL = "-Owholemodule";
				TARGETED_DEVICE_FAMILY = "1,2";
				VALIDATE_PRODUCT = YES;
			};
			name = Release;
		};
		7CA970AC1E8A006E007CA6B3 /* Debug */ = {
			isa = XCBuildConfiguration;
			buildSettings = {
				ASSETCATALOG_COMPILER_APPICON_NAME = AppIcon;
				INFOPLIST_FILE = currencyConverter/Info.plist;
				LD_RUNPATH_SEARCH_PATHS = "$(inherited) @executable_path/Frameworks";
				PRODUCT_BUNDLE_IDENTIFIER = internship.currencyConverter;
				PRODUCT_NAME = "$(TARGET_NAME)";
				SWIFT_VERSION = 3.0;
			};
			name = Debug;
		};
		7CA970AD1E8A006E007CA6B3 /* Release */ = {
			isa = XCBuildConfiguration;
			buildSettings = {
				ASSETCATALOG_COMPILER_APPICON_NAME = AppIcon;
				INFOPLIST_FILE = currencyConverter/Info.plist;
				LD_RUNPATH_SEARCH_PATHS = "$(inherited) @executable_path/Frameworks";
				PRODUCT_BUNDLE_IDENTIFIER = internship.currencyConverter;
				PRODUCT_NAME = "$(TARGET_NAME)";
				SWIFT_VERSION = 3.0;
			};
			name = Release;
		};
		7CA970AF1E8A006E007CA6B3 /* Debug */ = {
			isa = XCBuildConfiguration;
			buildSettings = {
				ALWAYS_EMBED_SWIFT_STANDARD_LIBRARIES = YES;
				BUNDLE_LOADER = "$(TEST_HOST)";
				INFOPLIST_FILE = currencyConverterTests/Info.plist;
				LD_RUNPATH_SEARCH_PATHS = "$(inherited) @executable_path/Frameworks @loader_path/Frameworks";
				PRODUCT_BUNDLE_IDENTIFIER = internship.currencyConverterTests;
				PRODUCT_NAME = "$(TARGET_NAME)";
				SWIFT_VERSION = 3.0;
				TEST_HOST = "$(BUILT_PRODUCTS_DIR)/currencyConverter.app/currencyConverter";
			};
			name = Debug;
		};
		7CA970B01E8A006E007CA6B3 /* Release */ = {
			isa = XCBuildConfiguration;
			buildSettings = {
				ALWAYS_EMBED_SWIFT_STANDARD_LIBRARIES = YES;
				BUNDLE_LOADER = "$(TEST_HOST)";
				INFOPLIST_FILE = currencyConverterTests/Info.plist;
				LD_RUNPATH_SEARCH_PATHS = "$(inherited) @executable_path/Frameworks @loader_path/Frameworks";
				PRODUCT_BUNDLE_IDENTIFIER = internship.currencyConverterTests;
				PRODUCT_NAME = "$(TARGET_NAME)";
				SWIFT_VERSION = 3.0;
				TEST_HOST = "$(BUILT_PRODUCTS_DIR)/currencyConverter.app/currencyConverter";
			};
			name = Release;
		};
/* End XCBuildConfiguration section */

/* Begin XCConfigurationList section */
		7CA970891E8A006E007CA6B3 /* Build configuration list for PBXProject "currencyConverter" */ = {
			isa = XCConfigurationList;
			buildConfigurations = (
				7CA970A91E8A006E007CA6B3 /* Debug */,
				7CA970AA1E8A006E007CA6B3 /* Release */,
			);
			defaultConfigurationIsVisible = 0;
			defaultConfigurationName = Release;
		};
		7CA970AB1E8A006E007CA6B3 /* Build configuration list for PBXNativeTarget "currencyConverter" */ = {
			isa = XCConfigurationList;
			buildConfigurations = (
				7CA970AC1E8A006E007CA6B3 /* Debug */,
				7CA970AD1E8A006E007CA6B3 /* Release */,
			);
			defaultConfigurationIsVisible = 0;
		};
		7CA970AE1E8A006E007CA6B3 /* Build configuration list for PBXNativeTarget "currencyConverterTests" */ = {
			isa = XCConfigurationList;
			buildConfigurations = (
				7CA970AF1E8A006E007CA6B3 /* Debug */,
				7CA970B01E8A006E007CA6B3 /* Release */,
			);
			defaultConfigurationIsVisible = 0;
		};
/* End XCConfigurationList section */
	};
	rootObject = 7CA970861E8A006E007CA6B3 /* Project object */;
}
